
Microsoft Visual Studio Solution File, Format Version 12.00
# Visual Studio 15
VisualStudioVersion = 15.0.28307.489
MinimumVisualStudioVersion = 10.0.40219.1
Project("{FAE04EC0-301F-11D3-BF4B-00C04F79EFBC}") = "myiistest", "myiistest\myiistest.csproj", "{E5D5A884-BF69-41E9-AF5F-37CE27A2BB55}"
EndProject
Project("{FAE04EC0-301F-11D3-BF4B-00C04F79EFBC}") = "myiistest.Tests", "myiistest.Tests\myiistest.Tests.csproj", "{C6D68E6D-48EF-453B-BC50-B60C1628B0BB}"
EndProject
Global
	GlobalSection(SolutionConfigurationPlatforms) = preSolution
		Debug|Any CPU = Debug|Any CPU
		Release|Any CPU = Release|Any CPU
	EndGlobalSection
	GlobalSection(ProjectConfigurationPlatforms) = postSolution
		{E5D5A884-BF69-41E9-AF5F-37CE27A2BB55}.Debug|Any CPU.ActiveCfg = Debug|Any CPU
		{E5D5A884-BF69-41E9-AF5F-37CE27A2BB55}.Debug|Any CPU.Build.0 = Debug|Any CPU
		{E5D5A884-BF69-41E9-AF5F-37CE27A2BB55}.Release|Any CPU.ActiveCfg = Release|Any CPU
		{E5D5A884-BF69-41E9-AF5F-37CE27A2BB55}.Release|Any CPU.Build.0 = Release|Any CPU
		{C6D68E6D-48EF-453B-BC50-B60C1628B0BB}.Debug|Any CPU.ActiveCfg = Debug|Any CPU
		{C6D68E6D-48EF-453B-BC50-B60C1628B0BB}.Debug|Any CPU.Build.0 = Debug|Any CPU
		{C6D68E6D-48EF-453B-BC50-B60C1628B0BB}.Release|Any CPU.ActiveCfg = Release|Any CPU
		{C6D68E6D-48EF-453B-BC50-B60C1628B0BB}.Release|Any CPU.Build.0 = Release|Any CPU
	EndGlobalSection
	GlobalSection(SolutionProperties) = preSolution
		HideSolutionNode = FALSE
	EndGlobalSection
	GlobalSection(ExtensibilityGlobals) = postSolution
		SolutionGuid = {C3C4A3DC-6813-4C2F-A510-E5DA04D49ED9}
	EndGlobalSection
EndGlobal
